
Microsoft Visual Studio Solution File, Format Version 12.00
# Visual Studio Version 17
VisualStudioVersion = 17.11.35219.272
MinimumVisualStudioVersion = 10.0.40219.1
Project("{FAE04EC0-301F-11D3-BF4B-00C04F79EFBC}") = "PROJECT_DBMS", "PROJECT_DBMS\PROJECT_DBMS.csproj", "{F44B27E4-615C-487F-BA8A-AF3FD9AB8BF2}"
EndProject
Global
	GlobalSection(SolutionConfigurationPlatforms) = preSolution
		Debug|Any CPU = Debug|Any CPU
		Release|Any CPU = Release|Any CPU
	EndGlobalSection
	GlobalSection(ProjectConfigurationPlatforms) = postSolution
		{F44B27E4-615C-487F-BA8A-AF3FD9AB8BF2}.Debug|Any CPU.ActiveCfg = Debug|Any CPU
		{F44B27E4-615C-487F-BA8A-AF3FD9AB8BF2}.Debug|Any CPU.Build.0 = Debug|Any CPU
		{F44B27E4-615C-487F-BA8A-AF3FD9AB8BF2}.Release|Any CPU.ActiveCfg = Release|Any CPU
		{F44B27E4-615C-487F-BA8A-AF3FD9AB8BF2}.Release|Any CPU.Build.0 = Release|Any CPU
	EndGlobalSection
	GlobalSection(SolutionProperties) = preSolution
		HideSolutionNode = FALSE
	EndGlobalSection
	GlobalSection(ExtensibilityGlobals) = postSolution
		SolutionGuid = {EB098059-812F-4C90-8B1D-1669FEA9CBCD}
	EndGlobalSection
EndGlobal
